
Microsoft Visual Studio Solution File, Format Version 12.00
# Visual Studio Version 16
VisualStudioVersion = 16.0.28803.202
MinimumVisualStudioVersion = 10.0.40219.1
Project("{FAE04EC0-301F-11D3-BF4B-00C04F79EFBC}") = "CoreDotnetDockerDemo", "CoreDotnetDockerDemo\CoreDotnetDockerDemo.csproj", "{F5E7B7A6-02F0-4708-80DD-8F6B1F4F21B6}"
EndProject
Global
	GlobalSection(SolutionConfigurationPlatforms) = preSolution
		Debug|Any CPU = Debug|Any CPU
		Release|Any CPU = Release|Any CPU
	EndGlobalSection
	GlobalSection(ProjectConfigurationPlatforms) = postSolution
		{F5E7B7A6-02F0-4708-80DD-8F6B1F4F21B6}.Debug|Any CPU.ActiveCfg = Debug|Any CPU
		{F5E7B7A6-02F0-4708-80DD-8F6B1F4F21B6}.Debug|Any CPU.Build.0 = Debug|Any CPU
		{F5E7B7A6-02F0-4708-80DD-8F6B1F4F21B6}.Release|Any CPU.ActiveCfg = Release|Any CPU
		{F5E7B7A6-02F0-4708-80DD-8F6B1F4F21B6}.Release|Any CPU.Build.0 = Release|Any CPU
	EndGlobalSection
	GlobalSection(SolutionProperties) = preSolution
		HideSolutionNode = FALSE
	EndGlobalSection
	GlobalSection(ExtensibilityGlobals) = postSolution
		SolutionGuid = {42AC7EC5-79E5-430F-8BE7-A6384B36B2B8}
	EndGlobalSection
EndGlobal
